
Microsoft Visual Studio Solution File, Format Version 12.00
# Visual Studio Version 17
VisualStudioVersion = 17.2.32630.192
MinimumVisualStudioVersion = 10.0.40219.1
Project("{FAE04EC0-301F-11D3-BF4B-00C04F79EFBC}") = "PicoyPlacaPredictor", "PicoyPlacaPredictor.csproj", "{18297659-6DB0-4F1B-A462-C6E0B6AC2B88}"
EndProject
Global
	GlobalSection(SolutionConfigurationPlatforms) = preSolution
		Debug|Any CPU = Debug|Any CPU
		Release|Any CPU = Release|Any CPU
	EndGlobalSection
	GlobalSection(ProjectConfigurationPlatforms) = postSolution
		{18297659-6DB0-4F1B-A462-C6E0B6AC2B88}.Debug|Any CPU.ActiveCfg = Debug|Any CPU
		{18297659-6DB0-4F1B-A462-C6E0B6AC2B88}.Debug|Any CPU.Build.0 = Debug|Any CPU
		{18297659-6DB0-4F1B-A462-C6E0B6AC2B88}.Release|Any CPU.ActiveCfg = Release|Any CPU
		{18297659-6DB0-4F1B-A462-C6E0B6AC2B88}.Release|Any CPU.Build.0 = Release|Any CPU
	EndGlobalSection
	GlobalSection(SolutionProperties) = preSolution
		HideSolutionNode = FALSE
	EndGlobalSection
	GlobalSection(ExtensibilityGlobals) = postSolution
		SolutionGuid = {AF4DFDA6-FEE1-4803-B876-29A27E3A275F}
	EndGlobalSection
EndGlobal
